
Microsoft Visual Studio Solution File, Format Version 12.00
# Visual Studio Version 17
VisualStudioVersion = 17.9.34728.123
MinimumVisualStudioVersion = 10.0.40219.1
Project("{FAE04EC0-301F-11D3-BF4B-00C04F79EFBC}") = "StudentSearchPerformanceTest", "StudentSearchPerformanceTest.csproj", "{134CCE5D-69EC-4A91-883E-69F6CEDD8B42}"
EndProject
Global
	GlobalSection(SolutionConfigurationPlatforms) = preSolution
		Debug|Any CPU = Debug|Any CPU
		Release|Any CPU = Release|Any CPU
	EndGlobalSection
	GlobalSection(ProjectConfigurationPlatforms) = postSolution
		{134CCE5D-69EC-4A91-883E-69F6CEDD8B42}.Debug|Any CPU.ActiveCfg = Debug|Any CPU
		{134CCE5D-69EC-4A91-883E-69F6CEDD8B42}.Debug|Any CPU.Build.0 = Debug|Any CPU
		{134CCE5D-69EC-4A91-883E-69F6CEDD8B42}.Release|Any CPU.ActiveCfg = Release|Any CPU
		{134CCE5D-69EC-4A91-883E-69F6CEDD8B42}.Release|Any CPU.Build.0 = Release|Any CPU
	EndGlobalSection
	GlobalSection(SolutionProperties) = preSolution
		HideSolutionNode = FALSE
	EndGlobalSection
	GlobalSection(ExtensibilityGlobals) = postSolution
		SolutionGuid = {0ED020C0-678A-4E60-B3DD-2D80CCEEF91E}
	EndGlobalSection
EndGlobal
